
Microsoft Visual Studio Solution File, Format Version 12.00
# Visual Studio 15
VisualStudioVersion = 15.0.26730.0
MinimumVisualStudioVersion = 10.0.40219.1
Project("{9A19103F-16F7-4668-BE54-9A1E7A4F7556}") = "DKrOSS.FizzBuzz", "DKrOSS.FizzBuzz\DKrOSS.FizzBuzz.csproj", "{DFE2C59A-131E-49B1-8552-BB4BEEA28A1A}"
EndProject
Project("{FAE04EC0-301F-11D3-BF4B-00C04F79EFBC}") = "DKrOSS.FizzBuzz.Tests", "DKrOSS.FizzBuzz.Tests\DKrOSS.FizzBuzz.Tests.csproj", "{68A68335-4631-40AB-AC06-1B064D0D3E72}"
EndProject
Project("{FAE04EC0-301F-11D3-BF4B-00C04F79EFBC}") = "DKrOSS.FizzBuzz.Console", "DKrOSS.FizzBuzz.Console\DKrOSS.FizzBuzz.Console.csproj", "{DAC5860E-27A2-4382-ABF9-3763128DFEC0}"
EndProject
Project("{2150E333-8FDC-42A3-9474-1A3956D46DE8}") = "Solution Items", "Solution Items", "{38AA2896-10C2-4D2B-9AEE-D81F8CC0E4EE}"
	ProjectSection(SolutionItems) = preProject
		LICENSE = LICENSE
		README.md = README.md
	EndProjectSection
EndProject
Global
	GlobalSection(SolutionConfigurationPlatforms) = preSolution
		Debug|Any CPU = Debug|Any CPU
		Release|Any CPU = Release|Any CPU
	EndGlobalSection
	GlobalSection(ProjectConfigurationPlatforms) = postSolution
		{DFE2C59A-131E-49B1-8552-BB4BEEA28A1A}.Debug|Any CPU.ActiveCfg = Debug|Any CPU
		{DFE2C59A-131E-49B1-8552-BB4BEEA28A1A}.Debug|Any CPU.Build.0 = Debug|Any CPU
		{DFE2C59A-131E-49B1-8552-BB4BEEA28A1A}.Release|Any CPU.ActiveCfg = Release|Any CPU
		{DFE2C59A-131E-49B1-8552-BB4BEEA28A1A}.Release|Any CPU.Build.0 = Release|Any CPU
		{68A68335-4631-40AB-AC06-1B064D0D3E72}.Debug|Any CPU.ActiveCfg = Debug|Any CPU
		{68A68335-4631-40AB-AC06-1B064D0D3E72}.Debug|Any CPU.Build.0 = Debug|Any CPU
		{68A68335-4631-40AB-AC06-1B064D0D3E72}.Release|Any CPU.ActiveCfg = Release|Any CPU
		{68A68335-4631-40AB-AC06-1B064D0D3E72}.Release|Any CPU.Build.0 = Release|Any CPU
		{DAC5860E-27A2-4382-ABF9-3763128DFEC0}.Debug|Any CPU.ActiveCfg = Debug|Any CPU
		{DAC5860E-27A2-4382-ABF9-3763128DFEC0}.Debug|Any CPU.Build.0 = Debug|Any CPU
		{DAC5860E-27A2-4382-ABF9-3763128DFEC0}.Release|Any CPU.ActiveCfg = Release|Any CPU
		{DAC5860E-27A2-4382-ABF9-3763128DFEC0}.Release|Any CPU.Build.0 = Release|Any CPU
	EndGlobalSection
	GlobalSection(SolutionProperties) = preSolution
		HideSolutionNode = FALSE
	EndGlobalSection
	GlobalSection(ExtensibilityGlobals) = postSolution
		SolutionGuid = {C5373276-C69C-4F7B-BF8A-B6C7DC9BF41B}
	EndGlobalSection
EndGlobal
